
Microsoft Visual Studio Solution File, Format Version 12.00
# Visual Studio Version 17
VisualStudioVersion = 17.9.34701.34
MinimumVisualStudioVersion = 10.0.40219.1
Project("{FAE04EC0-301F-11D3-BF4B-00C04F79EFBC}") = "TextAnalysis", "TextAnalysis\TextAnalysis.csproj", "{2F7FB0EE-CDA3-46D2-9A22-5601CE90480D}"
EndProject
Global
	GlobalSection(SolutionConfigurationPlatforms) = preSolution
		Debug|Any CPU = Debug|Any CPU
		Release|Any CPU = Release|Any CPU
	EndGlobalSection
	GlobalSection(ProjectConfigurationPlatforms) = postSolution
		{2F7FB0EE-CDA3-46D2-9A22-5601CE90480D}.Debug|Any CPU.ActiveCfg = Debug|Any CPU
		{2F7FB0EE-CDA3-46D2-9A22-5601CE90480D}.Debug|Any CPU.Build.0 = Debug|Any CPU
		{2F7FB0EE-CDA3-46D2-9A22-5601CE90480D}.Release|Any CPU.ActiveCfg = Release|Any CPU
		{2F7FB0EE-CDA3-46D2-9A22-5601CE90480D}.Release|Any CPU.Build.0 = Release|Any CPU
	EndGlobalSection
	GlobalSection(SolutionProperties) = preSolution
		HideSolutionNode = FALSE
	EndGlobalSection
	GlobalSection(ExtensibilityGlobals) = postSolution
		SolutionGuid = {CCA6CE80-B1EB-4E02-BCFE-093555D70182}
	EndGlobalSection
EndGlobal
